
Microsoft Visual Studio Solution File, Format Version 12.00
# Visual Studio Version 17
VisualStudioVersion = 17.12.35707.178 d17.12
MinimumVisualStudioVersion = 10.0.40219.1
Project("{FAE04EC0-301F-11D3-BF4B-00C04F79EFBC}") = "Sorteren", "Sorteren\Sorteren.csproj", "{8A16C69D-DF2C-426D-B7F1-114562E03813}"
EndProject
Global
	GlobalSection(SolutionConfigurationPlatforms) = preSolution
		Debug|Any CPU = Debug|Any CPU
		Release|Any CPU = Release|Any CPU
	EndGlobalSection
	GlobalSection(ProjectConfigurationPlatforms) = postSolution
		{8A16C69D-DF2C-426D-B7F1-114562E03813}.Debug|Any CPU.ActiveCfg = Debug|Any CPU
		{8A16C69D-DF2C-426D-B7F1-114562E03813}.Debug|Any CPU.Build.0 = Debug|Any CPU
		{8A16C69D-DF2C-426D-B7F1-114562E03813}.Release|Any CPU.ActiveCfg = Release|Any CPU
		{8A16C69D-DF2C-426D-B7F1-114562E03813}.Release|Any CPU.Build.0 = Release|Any CPU
	EndGlobalSection
	GlobalSection(SolutionProperties) = preSolution
		HideSolutionNode = FALSE
	EndGlobalSection
EndGlobal
