
Microsoft Visual Studio Solution File, Format Version 12.00
# Visual Studio Version 17
VisualStudioVersion = 17.11.35327.3
MinimumVisualStudioVersion = 10.0.40219.1
Project("{9A19103F-16F7-4668-BE54-9A1E7A4F7556}") = "Properties", "Properties\Properties.csproj", "{BC681832-A905-4EC2-AFCC-6C91A77CE757}"
EndProject
Global
	GlobalSection(SolutionConfigurationPlatforms) = preSolution
		Debug|Any CPU = Debug|Any CPU
		Release|Any CPU = Release|Any CPU
	EndGlobalSection
	GlobalSection(ProjectConfigurationPlatforms) = postSolution
		{BC681832-A905-4EC2-AFCC-6C91A77CE757}.Debug|Any CPU.ActiveCfg = Debug|Any CPU
		{BC681832-A905-4EC2-AFCC-6C91A77CE757}.Debug|Any CPU.Build.0 = Debug|Any CPU
		{BC681832-A905-4EC2-AFCC-6C91A77CE757}.Release|Any CPU.ActiveCfg = Release|Any CPU
		{BC681832-A905-4EC2-AFCC-6C91A77CE757}.Release|Any CPU.Build.0 = Release|Any CPU
	EndGlobalSection
	GlobalSection(SolutionProperties) = preSolution
		HideSolutionNode = FALSE
	EndGlobalSection
	GlobalSection(ExtensibilityGlobals) = postSolution
		SolutionGuid = {C1F7DEB5-AECC-4F1B-8D23-78AD63D9F0A6}
	EndGlobalSection
EndGlobal
