
Microsoft Visual Studio Solution File, Format Version 12.00
# Visual Studio Version 17
VisualStudioVersion = 17.11.35327.3
MinimumVisualStudioVersion = 10.0.40219.1
Project("{9A19103F-16F7-4668-BE54-9A1E7A4F7556}") = "Methods", "Methods\Methods.csproj", "{00EAF268-0174-4580-8173-F55C78E85898}"
EndProject
Global
	GlobalSection(SolutionConfigurationPlatforms) = preSolution
		Debug|Any CPU = Debug|Any CPU
		Release|Any CPU = Release|Any CPU
	EndGlobalSection
	GlobalSection(ProjectConfigurationPlatforms) = postSolution
		{00EAF268-0174-4580-8173-F55C78E85898}.Debug|Any CPU.ActiveCfg = Debug|Any CPU
		{00EAF268-0174-4580-8173-F55C78E85898}.Debug|Any CPU.Build.0 = Debug|Any CPU
		{00EAF268-0174-4580-8173-F55C78E85898}.Release|Any CPU.ActiveCfg = Release|Any CPU
		{00EAF268-0174-4580-8173-F55C78E85898}.Release|Any CPU.Build.0 = Release|Any CPU
	EndGlobalSection
	GlobalSection(SolutionProperties) = preSolution
		HideSolutionNode = FALSE
	EndGlobalSection
	GlobalSection(ExtensibilityGlobals) = postSolution
		SolutionGuid = {C1F7DEB5-AECC-4F1B-8D23-78AD63D9F0A6}
	EndGlobalSection
EndGlobal
